// !$*UTF8*$!
{
	archiveVersion = 1;
	classes = {
	};
	objectVersion = 46;
	objects = {

/* Begin PBXBuildFile section */
		50474FEB1C52A2E500A325E0 /* map.cpp in Sources */ = {isa = PBXBuildFile; fileRef = 50474FEA1C52A2E500A325E0 /* map.cpp */; };
		50474FF31C52BC1600A325E0 /* testMap.cpp in Sources */ = {isa = PBXBuildFile; fileRef = 50474FF21C52BC1600A325E0 /* testMap.cpp */; };
/* End PBXBuildFile section */

/* Begin PBXCopyFilesBuildPhase section */
		50474FE51C52A2E500A325E0 /* CopyFiles */ = {
			isa = PBXCopyFilesBuildPhase;
			buildActionMask = 2147483647;
			dstPath = /usr/share/man/man1/;
			dstSubfolderSpec = 0;
			files = (
			);
			runOnlyForDeploymentPostprocessing = 1;
		};
/* End PBXCopyFilesBuildPhase section */

/* Begin PBXFileReference section */
		50474FE71C52A2E500A325E0 /* CS32_Proj2 */ = {isa = PBXFileReference; explicitFileType = "compiled.mach-o.executable"; includeInIndex = 0; path = CS32_Proj2; sourceTree = BUILT_PRODUCTS_DIR; };
		50474FEA1C52A2E500A325E0 /* map.cpp */ = {isa = PBXFileReference; lastKnownFileType = sourcecode.cpp.cpp; path = map.cpp; sourceTree = "<group>"; };
		50474FF11C52A30100A325E0 /* map.h */ = {isa = PBXFileReference; lastKnownFileType = sourcecode.c.h; path = map.h; sourceTree = "<group>"; };
		50474FF21C52BC1600A325E0 /* testMap.cpp */ = {isa = PBXFileReference; fileEncoding = 4; lastKnownFileType = sourcecode.cpp.cpp; path = testMap.cpp; sourceTree = "<group>"; };
/* End PBXFileReference section */

/* Begin PBXFrameworksBuildPhase section */
		50474FE41C52A2E500A325E0 /* Frameworks */ = {
			isa = PBXFrameworksBuildPhase;
			buildActionMask = 2147483647;
			files = (
			);
			runOnlyForDeploymentPostprocessing = 0;
		};
/* End PBXFrameworksBuildPhase section */

/* Begin PBXGroup section */
		50474FDE1C52A2E500A325E0 = {
			isa = PBXGroup;
			children = (
				50474FE91C52A2E500A325E0 /* CS32_Proj2 */,
				50474FE81C52A2E500A325E0 /* Products */,
			);
			sourceTree = "<group>";
		};
		50474FE81C52A2E500A325E0 /* Products */ = {
			isa = PBXGroup;
			children = (
				50474FE71C52A2E500A325E0 /* CS32_Proj2 */,
			);
			name = Products;
			sourceTree = "<group>";
		};
		50474FE91C52A2E500A325E0 /* CS32_Proj2 */ = {
			isa = PBXGroup;
			children = (
				50474FEA1C52A2E500A325E0 /* map.cpp */,
				50474FF21C52BC1600A325E0 /* testMap.cpp */,
				50474FF11C52A30100A325E0 /* map.h */,
			);
			path = CS32_Proj2;
			sourceTree = "<group>";
		};
/* End PBXGroup section */

/* Begin PBXNativeTarget section */
		50474FE61C52A2E500A325E0 /* CS32_Proj2 */ = {
			isa = PBXNativeTarget;
			buildConfigurationList = 50474FEE1C52A2E500A325E0 /* Build configuration list for PBXNativeTarget "CS32_Proj2" */;
			buildPhases = (
				50474FE31C52A2E500A325E0 /* Sources */,
				50474FE41C52A2E500A325E0 /* Frameworks */,
				50474FE51C52A2E500A325E0 /* CopyFiles */,
			);
			buildRules = (
			);
			dependencies = (
			);
			name = CS32_Proj2;
			productName = CS32_Proj2;
			productReference = 50474FE71C52A2E500A325E0 /* CS32_Proj2 */;
			productType = "com.apple.product-type.tool";
		};
/* End PBXNativeTarget section */

/* Begin PBXProject section */
		50474FDF1C52A2E500A325E0 /* Project object */ = {
			isa = PBXProject;
			attributes = {
				LastUpgradeCheck = 0720;
				ORGANIZATIONNAME = "Yingbo Wang";
				TargetAttributes = {
					50474FE61C52A2E500A325E0 = {
						CreatedOnToolsVersion = 7.2;
					};
				};
			};
			buildConfigurationList = 50474FE21C52A2E500A325E0 /* Build configuration list for PBXProject "CS32_Proj2" */;
			compatibilityVersion = "Xcode 3.2";
			developmentRegion = English;
			hasScannedForEncodings = 0;
			knownRegions = (
				en,
			);
			mainGroup = 50474FDE1C52A2E500A325E0;
			productRefGroup = 50474FE81C52A2E500A325E0 /* Products */;
			projectDirPath = "";
			projectRoot = "";
			targets = (
				50474FE61C52A2E500A325E0 /* CS32_Proj2 */,
			);
		};
/* End PBXProject section */

/* Begin PBXSourcesBuildPhase section */
		50474FE31C52A2E500A325E0 /* Sources */ = {
			isa = PBXSourcesBuildPhase;
			buildActionMask = 2147483647;
			files = (
				50474FF31C52BC1600A325E0 /* testMap.cpp in Sources */,
				50474FEB1C52A2E500A325E0 /* map.cpp in Sources */,
			);
			runOnlyForDeploymentPostprocessing = 0;
		};
/* End PBXSourcesBuildPhase section */

/* Begin XCBuildConfiguration section */
		50474FEC1C52A2E500A325E0 /* Debug */ = {
			isa = XCBuildConfiguration;
			buildSettings = {
				ALWAYS_SEARCH_USER_PATHS = NO;
				CLANG_CXX_LANGUAGE_STANDARD = "gnu++0x";
				CLANG_CXX_LIBRARY = "libc++";
				CLANG_ENABLE_MODULES = YES;
				CLANG_ENABLE_OBJC_ARC = YES;
				CLANG_WARN_BOOL_CONVERSION = YES;
				CLANG_WARN_CONSTANT_CONVERSION = YES;
				CLANG_WARN_DIRECT_OBJC_ISA_USAGE = YES_ERROR;
				CLANG_WARN_EMPTY_BODY = YES;
				CLANG_WARN_ENUM_CONVERSION = YES;
				CLANG_WARN_INT_CONVERSION = YES;
				CLANG_WARN_OBJC_ROOT_CLASS = YES_ERROR;
				CLANG_WARN_UNREACHABLE_CODE = YES;
				CLANG_WARN__DUPLICATE_METHOD_MATCH = YES;
				CODE_SIGN_IDENTITY = "-";
				COPY_PHASE_STRIP = NO;
				DEBUG_INFORMATION_FORMAT = dwarf;
				ENABLE_STRICT_OBJC_MSGSEND = YES;
				ENABLE_TESTABILITY = YES;
				GCC_C_LANGUAGE_STANDARD = gnu99;
				GCC_DYNAMIC_NO_PIC = NO;
				GCC_NO_COMMON_BLOCKS = YES;
				GCC_OPTIMIZATION_LEVEL = 0;
				GCC_PREPROCESSOR_DEFINITIONS = (
					"DEBUG=1",
					"$(inherited)",
				);
				GCC_WARN_64_TO_32_BIT_CONVERSION = YES;
				GCC_WARN_ABOUT_RETURN_TYPE = YES_ERROR;
				GCC_WARN_UNDECLARED_SELECTOR = YES;
				GCC_WARN_UNINITIALIZED_AUTOS = YES_AGGRESSIVE;
				GCC_WARN_UNUSED_FUNCTION = YES;
				GCC_WARN_UNUSED_VARIABLE = YES;
				MACOSX_DEPLOYMENT_TARGET = 10.11;
				MTL_ENABLE_DEBUG_INFO = YES;
				ONLY_ACTIVE_ARCH = YES;
				SDKROOT = macosx;
			};
			name = Debug;
		};
		50474FED1C52A2E500A325E0 /* Release */ = {
			isa = XCBuildConfiguration;
			buildSettings = {
				ALWAYS_SEARCH_USER_PATHS = NO;
				CLANG_CXX_LANGUAGE_STANDARD = "gnu++0x";
				CLANG_CXX_LIBRARY = "libc++";
				CLANG_ENABLE_MODULES = YES;
				CLANG_ENABLE_OBJC_ARC = YES;
				CLANG_WARN_BOOL_CONVERSION = YES;
				CLANG_WARN_CONSTANT_CONVERSION = YES;
				CLANG_WARN_DIRECT_OBJC_ISA_USAGE = YES_ERROR;
				CLANG_WARN_EMPTY_BODY = YES;
				CLANG_WARN_ENUM_CONVERSION = YES;
				CLANG_WARN_INT_CONVERSION = YES;
				CLANG_WARN_OBJC_ROOT_CLASS = YES_ERROR;
				CLANG_WARN_UNREACHABLE_CODE = YES;
				CLANG_WARN__DUPLICATE_METHOD_MATCH = YES;
				CODE_SIGN_IDENTITY = "-";
				COPY_PHASE_STRIP = NO;
				DEBUG_INFORMATION_FORMAT = "dwarf-with-dsym";
				ENABLE_NS_ASSERTIONS = NO;
				ENABLE_STRICT_OBJC_MSGSEND = YES;
				GCC_C_LANGUAGE_STANDARD = gnu99;
				GCC_NO_COMMON_BLOCKS = YES;
				GCC_WARN_64_TO_32_BIT_CONVERSION = YES;
				GCC_WARN_ABOUT_RETURN_TYPE = YES_ERROR;
				GCC_WARN_UNDECLARED_SELECTOR = YES;
				GCC_WARN_UNINITIALIZED_AUTOS = YES_AGGRESSIVE;
				GCC_WARN_UNUSED_FUNCTION = YES;
				GCC_WARN_UNUSED_VARIABLE = YES;
				MACOSX_DEPLOYMENT_TARGET = 10.11;
				MTL_ENABLE_DEBUG_INFO = NO;
				SDKROOT = macosx;
			};
			name = Release;
		};
		50474FEF1C52A2E500A325E0 /* Debug */ = {
			isa = XCBuildConfiguration;
			buildSettings = {
				PRODUCT_NAME = "$(TARGET_NAME)";
			};
			name = Debug;
		};
		50474FF01C52A2E500A325E0 /* Release */ = {
			isa = XCBuildConfiguration;
			buildSettings = {
				PRODUCT_NAME = "$(TARGET_NAME)";
			};
			name = Release;
		};
/* End XCBuildConfiguration section */

/* Begin XCConfigurationList section */
		50474FE21C52A2E500A325E0 /* Build configuration list for PBXProject "CS32_Proj2" */ = {
			isa = XCConfigurationList;
			buildConfigurations = (
				50474FEC1C52A2E500A325E0 /* Debug */,
				50474FED1C52A2E500A325E0 /* Release */,
			);
			defaultConfigurationIsVisible = 0;
			defaultConfigurationName = Release;
		};
		50474FEE1C52A2E500A325E0 /* Build configuration list for PBXNativeTarget "CS32_Proj2" */ = {
			isa = XCConfigurationList;
			buildConfigurations = (
				50474FEF1C52A2E500A325E0 /* Debug */,
				50474FF01C52A2E500A325E0 /* Release */,
			);
			defaultConfigurationIsVisible = 0;
		};
/* End XCConfigurationList section */
	};
	rootObject = 50474FDF1C52A2E500A325E0 /* Project object */;
}
